// !$*UTF8*$!
{
	archiveVersion = 1;
	classes = {
	};
	objectVersion = 51;
	objects = {

/* Begin PBXBuildFile section */
		341074868A5C0000B30ABAE0 /* Pods_PpTests.framework in Frameworks */ = {isa = PBXBuildFile; fileRef = 1A8E0F2DFA1392D5156C2C75 /* Pods_PpTests.framework */; };
		8C2A68C527461DD10021291F /* SignInViewController.swift in Sources */ = {isa = PBXBuildFile; fileRef = 8C2A68C427461DD10021291F /* SignInViewController.swift */; };
		8C2A68CD2746A2420021291F /* SaveNoResponseViewController.swift in Sources */ = {isa = PBXBuildFile; fileRef = 8C2A68CC2746A2420021291F /* SaveNoResponseViewController.swift */; };
		8C2A68D52746C2BF0021291F /* BeagleViewController.swift in Sources */ = {isa = PBXBuildFile; fileRef = 8C2A68D42746C2BF0021291F /* BeagleViewController.swift */; };
		8C2A68E32746E0F70021291F /* BeagleTableViewCell.swift in Sources */ = {isa = PBXBuildFile; fileRef = 8C2A68E22746E0F70021291F /* BeagleTableViewCell.swift */; };
		8C2A68E8274700F10021291F /* BeagleTableExt.swift in Sources */ = {isa = PBXBuildFile; fileRef = 8C2A68E7274700F10021291F /* BeagleTableExt.swift */; };
		8C2A68ED27470E490021291F /* FrenchBulldogViewController.swift in Sources */ = {isa = PBXBuildFile; fileRef = 8C2A68EC27470E490021291F /* FrenchBulldogViewController.swift */; };
		8C2A68F227470EAF0021291F /* FrenchBulldogTableViewCell.swift in Sources */ = {isa = PBXBuildFile; fileRef = 8C2A68F127470EAF0021291F /* FrenchBulldogTableViewCell.swift */; };
		8C2A68FA274712F00021291F /* FrenchBulldogTableExt.swift in Sources */ = {isa = PBXBuildFile; fileRef = 8C2A68F9274712F00021291F /* FrenchBulldogTableExt.swift */; };
		8C2A68FF27471DC60021291F /* GermanSTableViewCell.swift in Sources */ = {isa = PBXBuildFile; fileRef = 8C2A68FE27471DC60021291F /* GermanSTableViewCell.swift */; };
		8C2A690427471DD90021291F /* GermanSViewController.swift in Sources */ = {isa = PBXBuildFile; fileRef = 8C2A690327471DD90021291F /* GermanSViewController.swift */; };
		8C2A690927471DF80021291F /* GermanSTableExt.swift in Sources */ = {isa = PBXBuildFile; fileRef = 8C2A690827471DF80021291F /* GermanSTableExt.swift */; };
		8C2A690E27471E610021291F /* LabradorTableExt.swift in Sources */ = {isa = PBXBuildFile; fileRef = 8C2A690D27471E610021291F /* LabradorTableExt.swift */; };
		8C2A691427471E7A0021291F /* LabradorViewController.swift in Sources */ = {isa = PBXBuildFile; fileRef = 8C2A691327471E7A0021291F /* LabradorViewController.swift */; };
		8C2A691C27471E9E0021291F /* LabradorTableViewCell.swift in Sources */ = {isa = PBXBuildFile; fileRef = 8C2A691B27471E9E0021291F /* LabradorTableViewCell.swift */; };
		8C2A692127472E640021291F /* GoldenRetrieverTableExt.swift in Sources */ = {isa = PBXBuildFile; fileRef = 8C2A692027472E640021291F /* GoldenRetrieverTableExt.swift */; };
		8C2A6973274842F20021291F /* GoogleService-Info.plist in Resources */ = {isa = PBXBuildFile; fileRef = 8C2A6972274842F20021291F /* GoogleService-Info.plist */; };
		8C2A697E27484EF00021291F /* Login.storyboard in Resources */ = {isa = PBXBuildFile; fileRef = 8C2A697D27484EF00021291F /* Login.storyboard */; };
		8CA838E42743148500C5D473 /* InfoViewController.swift in Sources */ = {isa = PBXBuildFile; fileRef = 8CA838E32743148500C5D473 /* InfoViewController.swift */; };
		8CA838F527435B3A00C5D473 /* MainMenuViewController.swift in Sources */ = {isa = PBXBuildFile; fileRef = 8CA838F427435B3A00C5D473 /* MainMenuViewController.swift */; };
		8CA8390C2744C3E600C5D473 /* HighlightedButton.swift in Sources */ = {isa = PBXBuildFile; fileRef = 8CA8390B2744C3E600C5D473 /* HighlightedButton.swift */; };
		8CA839172744C54200C5D473 /* NoViewController.swift in Sources */ = {isa = PBXBuildFile; fileRef = 8CA839162744C54200C5D473 /* NoViewController.swift */; };
		8CA839202744C69800C5D473 /* GermanInfoViewController.swift in Sources */ = {isa = PBXBuildFile; fileRef = 8CA8391F2744C69800C5D473 /* GermanInfoViewController.swift */; };
		8CA839262744C84100C5D473 /* LabradorInfoViewController.swift in Sources */ = {isa = PBXBuildFile; fileRef = 8CA839252744C84100C5D473 /* LabradorInfoViewController.swift */; };
		8CA8392F2744C92A00C5D473 /* FrenchInfoViewController.swift in Sources */ = {isa = PBXBuildFile; fileRef = 8CA8392E2744C92A00C5D473 /* FrenchInfoViewController.swift */; };
		8CA839352744CA4E00C5D473 /* BeagleInfoViewController.swift in Sources */ = {isa = PBXBuildFile; fileRef = 8CA839342744CA4E00C5D473 /* BeagleInfoViewController.swift */; };
		8CA8393E2745F7BA00C5D473 /* SaveResponseViewController.swift in Sources */ = {isa = PBXBuildFile; fileRef = 8CA8393D2745F7BA00C5D473 /* SaveResponseViewController.swift */; };
		8CF698C32734EB69001187B0 /* AppDelegate.swift in Sources */ = {isa = PBXBuildFile; fileRef = 8CF698C22734EB69001187B0 /* AppDelegate.swift */; };
		8CF698C52734EB69001187B0 /* SceneDelegate.swift in Sources */ = {isa = PBXBuildFile; fileRef = 8CF698C42734EB69001187B0 /* SceneDelegate.swift */; };
		8CF698CA2734EB69001187B0 /* Main.storyboard in Resources */ = {isa = PBXBuildFile; fileRef = 8CF698C82734EB69001187B0 /* Main.storyboard */; };
		8CF698CC2734EB7B001187B0 /* Assets.xcassets in Resources */ = {isa = PBXBuildFile; fileRef = 8CF698CB2734EB7B001187B0 /* Assets.xcassets */; };
		8CF698CF2734EB7B001187B0 /* LaunchScreen.storyboard in Resources */ = {isa = PBXBuildFile; fileRef = 8CF698CD2734EB7B001187B0 /* LaunchScreen.storyboard */; };
		8CF698DA2734EB7C001187B0 /* PpTests.swift in Sources */ = {isa = PBXBuildFile; fileRef = 8CF698D92734EB7C001187B0 /* PpTests.swift */; };
		8CF698E52734EB7C001187B0 /* PpUITests.swift in Sources */ = {isa = PBXBuildFile; fileRef = 8CF698E42734EB7C001187B0 /* PpUITests.swift */; };
		8CF6990E2735A5D1001187B0 /* NetworkManager.swift in Sources */ = {isa = PBXBuildFile; fileRef = 8CF6990D2735A5D1001187B0 /* NetworkManager.swift */; };
		8CF699132735A65A001187B0 /* Response.swift in Sources */ = {isa = PBXBuildFile; fileRef = 8CF699122735A65A001187B0 /* Response.swift */; };
		8CF699182735C424001187B0 /* GoldenRetrieverViewController.swift in Sources */ = {isa = PBXBuildFile; fileRef = 8CF699172735C424001187B0 /* GoldenRetrieverViewController.swift */; };
		8CF699202735C7E3001187B0 /* firstTableViewCell.swift in Sources */ = {isa = PBXBuildFile; fileRef = 8CF6991F2735C7E3001187B0 /* firstTableViewCell.swift */; };
		8CF6992527360837001187B0 /* YesViewController.swift in Sources */ = {isa = PBXBuildFile; fileRef = 8CF6992427360836001187B0 /* YesViewController.swift */; };
		F2078616D09D91A3D7F9842E /* Pods_Pp_PpUITests.framework in Frameworks */ = {isa = PBXBuildFile; fileRef = AB4539A8C3F93B7C00BB819D /* Pods_Pp_PpUITests.framework */; };
		F5FF268681E023826E75A231 /* Pods_Pp.framework in Frameworks */ = {isa = PBXBuildFile; fileRef = E4F90924CD4327151320DECB /* Pods_Pp.framework */; };
/* End PBXBuildFile section */

/* Begin PBXContainerItemProxy section */
		8CF698D62734EB7C001187B0 /* PBXContainerItemProxy */ = {
			isa = PBXContainerItemProxy;
			containerPortal = 8CF698B72734EB68001187B0 /* Project object */;
			proxyType = 1;
			remoteGlobalIDString = 8CF698BE2734EB68001187B0;
			remoteInfo = Pp;
		};
		8CF698E12734EB7C001187B0 /* PBXContainerItemProxy */ = {
			isa = PBXContainerItemProxy;
			containerPortal = 8CF698B72734EB68001187B0 /* Project object */;
			proxyType = 1;
			remoteGlobalIDString = 8CF698BE2734EB68001187B0;
			remoteInfo = Pp;
		};
/* End PBXContainerItemProxy section */

/* Begin PBXFileReference section */
		1A8E0F2DFA1392D5156C2C75 /* Pods_PpTests.framework */ = {isa = PBXFileReference; explicitFileType = wrapper.framework; includeInIndex = 0; path = Pods_PpTests.framework; sourceTree = BUILT_PRODUCTS_DIR; };
		20AF3374D7782D7E6E408B3C /* Pods-PpTests.debug.xcconfig */ = {isa = PBXFileReference; includeInIndex = 1; lastKnownFileType = text.xcconfig; name = "Pods-PpTests.debug.xcconfig"; path = "Target Support Files/Pods-PpTests/Pods-PpTests.debug.xcconfig"; sourceTree = "<group>"; };
		2FC83548266A2279947AB99F /* Pods-Pp.debug.xcconfig */ = {isa = PBXFileReference; includeInIndex = 1; lastKnownFileType = text.xcconfig; name = "Pods-Pp.debug.xcconfig"; path = "Target Support Files/Pods-Pp/Pods-Pp.debug.xcconfig"; sourceTree = "<group>"; };
		3A7EE58C76E00C2822286070 /* Pods-Pp.release.xcconfig */ = {isa = PBXFileReference; includeInIndex = 1; lastKnownFileType = text.xcconfig; name = "Pods-Pp.release.xcconfig"; path = "Target Support Files/Pods-Pp/Pods-Pp.release.xcconfig"; sourceTree = "<group>"; };
		3BBA9F34F91976513007B72F /* Pods-Pp-PpUITests.release.xcconfig */ = {isa = PBXFileReference; includeInIndex = 1; lastKnownFileType = text.xcconfig; name = "Pods-Pp-PpUITests.release.xcconfig"; path = "Target Support Files/Pods-Pp-PpUITests/Pods-Pp-PpUITests.release.xcconfig"; sourceTree = "<group>"; };
		5601E7259F1DC9D604CED527 /* Pods-PpTests.release.xcconfig */ = {isa = PBXFileReference; includeInIndex = 1; lastKnownFileType = text.xcconfig; name = "Pods-PpTests.release.xcconfig"; path = "Target Support Files/Pods-PpTests/Pods-PpTests.release.xcconfig"; sourceTree = "<group>"; };
		8C2A68C427461DD10021291F /* SignInViewController.swift */ = {isa = PBXFileReference; lastKnownFileType = sourcecode.swift; path = SignInViewController.swift; sourceTree = "<group>"; };
		8C2A68CC2746A2420021291F /* SaveNoResponseViewController.swift */ = {isa = PBXFileReference; lastKnownFileType = sourcecode.swift; path = SaveNoResponseViewController.swift; sourceTree = "<group>"; };
		8C2A68D42746C2BF0021291F /* BeagleViewController.swift */ = {isa = PBXFileReference; lastKnownFileType = sourcecode.swift; path = BeagleViewController.swift; sourceTree = "<group>"; };
		8C2A68E22746E0F70021291F /* BeagleTableViewCell.swift */ = {isa = PBXFileReference; lastKnownFileType = sourcecode.swift; path = BeagleTableViewCell.swift; sourceTree = "<group>"; };
		8C2A68E7274700F10021291F /* BeagleTableExt.swift */ = {isa = PBXFileReference; lastKnownFileType = sourcecode.swift; path = BeagleTableExt.swift; sourceTree = "<group>"; };
		8C2A68EC27470E490021291F /* FrenchBulldogViewController.swift */ = {isa = PBXFileReference; lastKnownFileType = sourcecode.swift; path = FrenchBulldogViewController.swift; sourceTree = "<group>"; };
		8C2A68F127470EAF0021291F /* FrenchBulldogTableViewCell.swift */ = {isa = PBXFileReference; lastKnownFileType = sourcecode.swift; path = FrenchBulldogTableViewCell.swift; sourceTree = "<group>"; };
		8C2A68F9274712F00021291F /* FrenchBulldogTableExt.swift */ = {isa = PBXFileReference; lastKnownFileType = sourcecode.swift; path = FrenchBulldogTableExt.swift; sourceTree = "<group>"; };
		8C2A68FE27471DC60021291F /* GermanSTableViewCell.swift */ = {isa = PBXFileReference; lastKnownFileType = sourcecode.swift; path = GermanSTableViewCell.swift; sourceTree = "<group>"; };
		8C2A690327471DD90021291F /* GermanSViewController.swift */ = {isa = PBXFileReference; lastKnownFileType = sourcecode.swift; path = GermanSViewController.swift; sourceTree = "<group>"; };
		8C2A690827471DF80021291F /* GermanSTableExt.swift */ = {isa = PBXFileReference; lastKnownFileType = sourcecode.swift; path = GermanSTableExt.swift; sourceTree = "<group>"; };
		8C2A690D27471E610021291F /* LabradorTableExt.swift */ = {isa = PBXFileReference; lastKnownFileType = sourcecode.swift; path = LabradorTableExt.swift; sourceTree = "<group>"; };
		8C2A691327471E7A0021291F /* LabradorViewController.swift */ = {isa = PBXFileReference; lastKnownFileType = sourcecode.swift; path = LabradorViewController.swift; sourceTree = "<group>"; };
		8C2A691B27471E9E0021291F /* LabradorTableViewCell.swift */ = {isa = PBXFileReference; lastKnownFileType = sourcecode.swift; path = LabradorTableViewCell.swift; sourceTree = "<group>"; };
		8C2A692027472E640021291F /* GoldenRetrieverTableExt.swift */ = {isa = PBXFileReference; lastKnownFileType = sourcecode.swift; path = GoldenRetrieverTableExt.swift; sourceTree = "<group>"; };
		8C2A6972274842F20021291F /* GoogleService-Info.plist */ = {isa = PBXFileReference; fileEncoding = 4; lastKnownFileType = text.plist.xml; path = "GoogleService-Info.plist"; sourceTree = "<group>"; };
		8C2A697D27484EF00021291F /* Login.storyboard */ = {isa = PBXFileReference; lastKnownFileType = file.storyboard; path = Login.storyboard; sourceTree = "<group>"; };
		8CA838E32743148500C5D473 /* InfoViewController.swift */ = {isa = PBXFileReference; lastKnownFileType = sourcecode.swift; path = InfoViewController.swift; sourceTree = "<group>"; };
		8CA838F427435B3A00C5D473 /* MainMenuViewController.swift */ = {isa = PBXFileReference; lastKnownFileType = sourcecode.swift; path = MainMenuViewController.swift; sourceTree = "<group>"; };
		8CA8390B2744C3E600C5D473 /* HighlightedButton.swift */ = {isa = PBXFileReference; fileEncoding = 4; lastKnownFileType = sourcecode.swift; path = HighlightedButton.swift; sourceTree = "<group>"; };
		8CA839162744C54200C5D473 /* NoViewController.swift */ = {isa = PBXFileReference; lastKnownFileType = sourcecode.swift; path = NoViewController.swift; sourceTree = "<group>"; };
		8CA8391F2744C69800C5D473 /* GermanInfoViewController.swift */ = {isa = PBXFileReference; lastKnownFileType = sourcecode.swift; path = GermanInfoViewController.swift; sourceTree = "<group>"; };
		8CA839252744C84100C5D473 /* LabradorInfoViewController.swift */ = {isa = PBXFileReference; lastKnownFileType = sourcecode.swift; path = LabradorInfoViewController.swift; sourceTree = "<group>"; };
		8CA8392E2744C92A00C5D473 /* FrenchInfoViewController.swift */ = {isa = PBXFileReference; lastKnownFileType = sourcecode.swift; path = FrenchInfoViewController.swift; sourceTree = "<group>"; };
		8CA839342744CA4E00C5D473 /* BeagleInfoViewController.swift */ = {isa = PBXFileReference; lastKnownFileType = sourcecode.swift; path = BeagleInfoViewController.swift; sourceTree = "<group>"; };
		8CA8393D2745F7BA00C5D473 /* SaveResponseViewController.swift */ = {isa = PBXFileReference; lastKnownFileType = sourcecode.swift; path = SaveResponseViewController.swift; sourceTree = "<group>"; };
		8CF698BF2734EB68001187B0 /* Pp.app */ = {isa = PBXFileReference; explicitFileType = wrapper.application; includeInIndex = 0; path = Pp.app; sourceTree = BUILT_PRODUCTS_DIR; };
		8CF698C22734EB69001187B0 /* AppDelegate.swift */ = {isa = PBXFileReference; lastKnownFileType = sourcecode.swift; path = AppDelegate.swift; sourceTree = "<group>"; };
		8CF698C42734EB69001187B0 /* SceneDelegate.swift */ = {isa = PBXFileReference; lastKnownFileType = sourcecode.swift; path = SceneDelegate.swift; sourceTree = "<group>"; };
		8CF698C92734EB69001187B0 /* Base */ = {isa = PBXFileReference; lastKnownFileType = file.storyboard; name = Base; path = Base.lproj/Main.storyboard; sourceTree = "<group>"; };
		8CF698CB2734EB7B001187B0 /* Assets.xcassets */ = {isa = PBXFileReference; lastKnownFileType = folder.assetcatalog; path = Assets.xcassets; sourceTree = "<group>"; };
		8CF698CE2734EB7B001187B0 /* Base */ = {isa = PBXFileReference; lastKnownFileType = file.storyboard; name = Base; path = Base.lproj/LaunchScreen.storyboard; sourceTree = "<group>"; };
		8CF698D02734EB7B001187B0 /* Info.plist */ = {isa = PBXFileReference; lastKnownFileType = text.plist.xml; path = Info.plist; sourceTree = "<group>"; };
		8CF698D52734EB7C001187B0 /* PpTests.xctest */ = {isa = PBXFileReference; explicitFileType = wrapper.cfbundle; includeInIndex = 0; path = PpTests.xctest; sourceTree = BUILT_PRODUCTS_DIR; };
		8CF698D92734EB7C001187B0 /* PpTests.swift */ = {isa = PBXFileReference; lastKnownFileType = sourcecode.swift; path = PpTests.swift; sourceTree = "<group>"; };
		8CF698DB2734EB7C001187B0 /* Info.plist */ = {isa = PBXFileReference; lastKnownFileType = text.plist.xml; path = Info.plist; sourceTree = "<group>"; };
		8CF698E02734EB7C001187B0 /* PpUITests.xctest */ = {isa = PBXFileReference; explicitFileType = wrapper.cfbundle; includeInIndex = 0; path = PpUITests.xctest; sourceTree = BUILT_PRODUCTS_DIR; };
		8CF698E42734EB7C001187B0 /* PpUITests.swift */ = {isa = PBXFileReference; lastKnownFileType = sourcecode.swift; path = PpUITests.swift; sourceTree = "<group>"; };
		8CF698E62734EB7C001187B0 /* Info.plist */ = {isa = PBXFileReference; lastKnownFileType = text.plist.xml; path = Info.plist; sourceTree = "<group>"; };
		8CF6990D2735A5D1001187B0 /* NetworkManager.swift */ = {isa = PBXFileReference; lastKnownFileType = sourcecode.swift; path = NetworkManager.swift; sourceTree = "<group>"; };
		8CF699122735A65A001187B0 /* Response.swift */ = {isa = PBXFileReference; lastKnownFileType = sourcecode.swift; path = Response.swift; sourceTree = "<group>"; };
		8CF699172735C424001187B0 /* GoldenRetrieverViewController.swift */ = {isa = PBXFileReference; lastKnownFileType = sourcecode.swift; path = GoldenRetrieverViewController.swift; sourceTree = "<group>"; };
		8CF6991F2735C7E3001187B0 /* firstTableViewCell.swift */ = {isa = PBXFileReference; lastKnownFileType = sourcecode.swift; path = firstTableViewCell.swift; sourceTree = "<group>"; };
		8CF6992427360836001187B0 /* YesViewController.swift */ = {isa = PBXFileReference; lastKnownFileType = sourcecode.swift; path = YesViewController.swift; sourceTree = "<group>"; };
		AB4539A8C3F93B7C00BB819D /* Pods_Pp_PpUITests.framework */ = {isa = PBXFileReference; explicitFileType = wrapper.framework; includeInIndex = 0; path = Pods_Pp_PpUITests.framework; sourceTree = BUILT_PRODUCTS_DIR; };
		E4F90924CD4327151320DECB /* Pods_Pp.framework */ = {isa = PBXFileReference; explicitFileType = wrapper.framework; includeInIndex = 0; path = Pods_Pp.framework; sourceTree = BUILT_PRODUCTS_DIR; };
		FA10D72249922DE61C59C4CF /* Pods-Pp-PpUITests.debug.xcconfig */ = {isa = PBXFileReference; includeInIndex = 1; lastKnownFileType = text.xcconfig; name = "Pods-Pp-PpUITests.debug.xcconfig"; path = "Target Support Files/Pods-Pp-PpUITests/Pods-Pp-PpUITests.debug.xcconfig"; sourceTree = "<group>"; };
/* End PBXFileReference section */

/* Begin PBXFrameworksBuildPhase section */
		8CF698BC2734EB68001187B0 /* Frameworks */ = {
			isa = PBXFrameworksBuildPhase;
			buildActionMask = 2147483647;
			files = (
				F5FF268681E023826E75A231 /* Pods_Pp.framework in Frameworks */,
			);
			runOnlyForDeploymentPostprocessing = 0;
		};
		8CF698D22734EB7C001187B0 /* Frameworks */ = {
			isa = PBXFrameworksBuildPhase;
			buildActionMask = 2147483647;
			files = (
				341074868A5C0000B30ABAE0 /* Pods_PpTests.framework in Frameworks */,
			);
			runOnlyForDeploymentPostprocessing = 0;
		};
		8CF698DD2734EB7C001187B0 /* Frameworks */ = {
			isa = PBXFrameworksBuildPhase;
			buildActionMask = 2147483647;
			files = (
				F2078616D09D91A3D7F9842E /* Pods_Pp_PpUITests.framework in Frameworks */,
			);
			runOnlyForDeploymentPostprocessing = 0;
		};
/* End PBXFrameworksBuildPhase section */

/* Begin PBXGroup section */
		7044AC95C2C4338A0BB947B1 /* Pods */ = {
			isa = PBXGroup;
			children = (
				2FC83548266A2279947AB99F /* Pods-Pp.debug.xcconfig */,
				3A7EE58C76E00C2822286070 /* Pods-Pp.release.xcconfig */,
				FA10D72249922DE61C59C4CF /* Pods-Pp-PpUITests.debug.xcconfig */,
				3BBA9F34F91976513007B72F /* Pods-Pp-PpUITests.release.xcconfig */,
				20AF3374D7782D7E6E408B3C /* Pods-PpTests.debug.xcconfig */,
				5601E7259F1DC9D604CED527 /* Pods-PpTests.release.xcconfig */,
			);
			path = Pods;
			sourceTree = "<group>";
		};
		8C2A68C327461DBE0021291F /* SignIn */ = {
			isa = PBXGroup;
			children = (
				8C2A68C427461DD10021291F /* SignInViewController.swift */,
			);
			path = SignIn;
			sourceTree = "<group>";
		};
		8CA839012744C35000C5D473 /* GoldenRetrieverView */ = {
			isa = PBXGroup;
			children = (
				8CA838F427435B3A00C5D473 /* MainMenuViewController.swift */,
				8CF6991F2735C7E3001187B0 /* firstTableViewCell.swift */,
				8CF699172735C424001187B0 /* GoldenRetrieverViewController.swift */,
				8C2A692027472E640021291F /* GoldenRetrieverTableExt.swift */,
				8CA8390B2744C3E600C5D473 /* HighlightedButton.swift */,
				8CA838E32743148500C5D473 /* InfoViewController.swift */,
			);
			path = GoldenRetrieverView;
			sourceTree = "<group>";
		};
		8CA8391B2744C5CE00C5D473 /* GermanShepherdView */ = {
			isa = PBXGroup;
			children = (
				8CA8391F2744C69800C5D473 /* GermanInfoViewController.swift */,
				8C2A68FE27471DC60021291F /* GermanSTableViewCell.swift */,
				8C2A690327471DD90021291F /* GermanSViewController.swift */,
				8C2A690827471DF80021291F /* GermanSTableExt.swift */,
			);
			path = GermanShepherdView;
			sourceTree = "<group>";
		};
		8CA839242744C81500C5D473 /* Labrador Retriever */ = {
			isa = PBXGroup;
			children = (
				8CA839252744C84100C5D473 /* LabradorInfoViewController.swift */,
				8C2A690D27471E610021291F /* LabradorTableExt.swift */,
				8C2A691327471E7A0021291F /* LabradorViewController.swift */,
				8C2A691B27471E9E0021291F /* LabradorTableViewCell.swift */,
			);
			path = "Labrador Retriever";
			sourceTree = "<group>";
		};
		8CA8392D2744C8F500C5D473 /* French Bulldog */ = {
			isa = PBXGroup;
			children = (
				8CA8392E2744C92A00C5D473 /* FrenchInfoViewController.swift */,
				8C2A68EC27470E490021291F /* FrenchBulldogViewController.swift */,
				8C2A68F127470EAF0021291F /* FrenchBulldogTableViewCell.swift */,
				8C2A68F9274712F00021291F /* FrenchBulldogTableExt.swift */,
			);
			path = "French Bulldog";
			sourceTree = "<group>";
		};
		8CA839332744CA3900C5D473 /* Beagle */ = {
			isa = PBXGroup;
			children = (
				8CA839342744CA4E00C5D473 /* BeagleInfoViewController.swift */,
				8C2A68E22746E0F70021291F /* BeagleTableViewCell.swift */,
				8C2A68D42746C2BF0021291F /* BeagleViewController.swift */,
				8C2A68E7274700F10021291F /* BeagleTableExt.swift */,
			);
			path = Beagle;
			sourceTree = "<group>";
		};
		8CA8393C2745F77B00C5D473 /* SaveResponse */ = {
			isa = PBXGroup;
			children = (
				8CA839162744C54200C5D473 /* NoViewController.swift */,
				8CF6992427360836001187B0 /* YesViewController.swift */,
				8CA8393D2745F7BA00C5D473 /* SaveResponseViewController.swift */,
				8C2A68CC2746A2420021291F /* SaveNoResponseViewController.swift */,
			);
			path = SaveResponse;
			sourceTree = "<group>";
		};
		8CF698B62734EB68001187B0 = {
			isa = PBXGroup;
			children = (
				8CF698C12734EB69001187B0 /* Pp */,
				8CF698D82734EB7C001187B0 /* PpTests */,
				8CF698E32734EB7C001187B0 /* PpUITests */,
				8CF698C02734EB68001187B0 /* Products */,
				7044AC95C2C4338A0BB947B1 /* Pods */,
				E19BC1BD2AE5C41D27B8DF4B /* Frameworks */,
			);
			sourceTree = "<group>";
		};
		8CF698C02734EB68001187B0 /* Products */ = {
			isa = PBXGroup;
			children = (
				8CF698BF2734EB68001187B0 /* Pp.app */,
				8CF698D52734EB7C001187B0 /* PpTests.xctest */,
				8CF698E02734EB7C001187B0 /* PpUITests.xctest */,
			);
			name = Products;
			sourceTree = "<group>";
		};
		8CF698C12734EB69001187B0 /* Pp */ = {
			isa = PBXGroup;
			children = (
				8CF699032735A48B001187B0 /* Resources */,
				8CF699022735A3DD001187B0 /* Controller */,
				8CF699012735A3D8001187B0 /* View */,
				8CF699002735A3CF001187B0 /* Model */,
				8CF698CD2734EB7B001187B0 /* LaunchScreen.storyboard */,
			);
			path = Pp;
			sourceTree = "<group>";
		};
		8CF698D82734EB7C001187B0 /* PpTests */ = {
			isa = PBXGroup;
			children = (
				8CF698D92734EB7C001187B0 /* PpTests.swift */,
				8CF698DB2734EB7C001187B0 /* Info.plist */,
			);
			path = PpTests;
			sourceTree = "<group>";
		};
		8CF698E32734EB7C001187B0 /* PpUITests */ = {
			isa = PBXGroup;
			children = (
				8CF698E42734EB7C001187B0 /* PpUITests.swift */,
				8CF698E62734EB7C001187B0 /* Info.plist */,
			);
			path = PpUITests;
			sourceTree = "<group>";
		};
		8CF699002735A3CF001187B0 /* Model */ = {
			isa = PBXGroup;
			children = (
				8CF6990D2735A5D1001187B0 /* NetworkManager.swift */,
				8CF699122735A65A001187B0 /* Response.swift */,
			);
			path = Model;
			sourceTree = "<group>";
		};
		8CF699012735A3D8001187B0 /* View */ = {
			isa = PBXGroup;
			children = (
				8CF698C82734EB69001187B0 /* Main.storyboard */,
				8C2A697D27484EF00021291F /* Login.storyboard */,
			);
			path = View;
			sourceTree = "<group>";
		};
		8CF699022735A3DD001187B0 /* Controller */ = {
			isa = PBXGroup;
			children = (
				8C2A68C327461DBE0021291F /* SignIn */,
				8CA839242744C81500C5D473 /* Labrador Retriever */,
				8CA8392D2744C8F500C5D473 /* French Bulldog */,
				8CA8391B2744C5CE00C5D473 /* GermanShepherdView */,
				8CA839332744CA3900C5D473 /* Beagle */,
				8CA839012744C35000C5D473 /* GoldenRetrieverView */,
				8CA8393C2745F77B00C5D473 /* SaveResponse */,
			);
			path = Controller;
			sourceTree = "<group>";
		};
		8CF699032735A48B001187B0 /* Resources */ = {
			isa = PBXGroup;
			children = (
				8CF698C22734EB69001187B0 /* AppDelegate.swift */,
				8CF698C42734EB69001187B0 /* SceneDelegate.swift */,
				8CF698D02734EB7B001187B0 /* Info.plist */,
				8CF698CB2734EB7B001187B0 /* Assets.xcassets */,
				8C2A6972274842F20021291F /* GoogleService-Info.plist */,
			);
			path = Resources;
			sourceTree = "<group>";
		};
		E19BC1BD2AE5C41D27B8DF4B /* Frameworks */ = {
			isa = PBXGroup;
			children = (
				E4F90924CD4327151320DECB /* Pods_Pp.framework */,
				AB4539A8C3F93B7C00BB819D /* Pods_Pp_PpUITests.framework */,
				1A8E0F2DFA1392D5156C2C75 /* Pods_PpTests.framework */,
			);
			name = Frameworks;
			sourceTree = "<group>";
		};
/* End PBXGroup section */

/* Begin PBXNativeTarget section */
		8CF698BE2734EB68001187B0 /* Pp */ = {
			isa = PBXNativeTarget;
			buildConfigurationList = 8CF698E92734EB7C001187B0 /* Build configuration list for PBXNativeTarget "Pp" */;
			buildPhases = (
				3FAA46AD9D3F0E11056C6950 /* [CP] Check Pods Manifest.lock */,
				8CF698BB2734EB68001187B0 /* Sources */,
				8CF698BC2734EB68001187B0 /* Frameworks */,
				8CF698BD2734EB68001187B0 /* Resources */,
				6904A16F0B2E9D0CF6383941 /* [CP] Embed Pods Frameworks */,
			);
			buildRules = (
			);
			dependencies = (
			);
			name = Pp;
			productName = Pp;
			productReference = 8CF698BF2734EB68001187B0 /* Pp.app */;
			productType = "com.apple.product-type.application";
		};
		8CF698D42734EB7C001187B0 /* PpTests */ = {
			isa = PBXNativeTarget;
			buildConfigurationList = 8CF698EC2734EB7C001187B0 /* Build configuration list for PBXNativeTarget "PpTests" */;
			buildPhases = (
				4181E695437A1E3B3A7628CE /* [CP] Check Pods Manifest.lock */,
				8CF698D12734EB7C001187B0 /* Sources */,
				8CF698D22734EB7C001187B0 /* Frameworks */,
				8CF698D32734EB7C001187B0 /* Resources */,
			);
			buildRules = (
			);
			dependencies = (
				8CF698D72734EB7C001187B0 /* PBXTargetDependency */,
			);
			name = PpTests;
			productName = PpTests;
			productReference = 8CF698D52734EB7C001187B0 /* PpTests.xctest */;
			productType = "com.apple.product-type.bundle.unit-test";
		};
		8CF698DF2734EB7C001187B0 /* PpUITests */ = {
			isa = PBXNativeTarget;
			buildConfigurationList = 8CF698EF2734EB7C001187B0 /* Build configuration list for PBXNativeTarget "PpUITests" */;
			buildPhases = (
				A0173B8E9A49C044BFC9AE66 /* [CP] Check Pods Manifest.lock */,
				8CF698DC2734EB7C001187B0 /* Sources */,
				8CF698DD2734EB7C001187B0 /* Frameworks */,
				8CF698DE2734EB7C001187B0 /* Resources */,
				DD78F9534ED4B3DF77F77A9D /* [CP] Embed Pods Frameworks */,
			);
			buildRules = (
			);
			dependencies = (
				8CF698E22734EB7C001187B0 /* PBXTargetDependency */,
			);
			name = PpUITests;
			productName = PpUITests;
			productReference = 8CF698E02734EB7C001187B0 /* PpUITests.xctest */;
			productType = "com.apple.product-type.bundle.ui-testing";
		};
/* End PBXNativeTarget section */

/* Begin PBXProject section */
		8CF698B72734EB68001187B0 /* Project object */ = {
			isa = PBXProject;
			attributes = {
				LastSwiftUpdateCheck = 1240;
				LastUpgradeCheck = 1240;
				TargetAttributes = {
					8CF698BE2734EB68001187B0 = {
						CreatedOnToolsVersion = 12.4;
					};
					8CF698D42734EB7C001187B0 = {
						CreatedOnToolsVersion = 12.4;
						TestTargetID = 8CF698BE2734EB68001187B0;
					};
					8CF698DF2734EB7C001187B0 = {
						CreatedOnToolsVersion = 12.4;
						TestTargetID = 8CF698BE2734EB68001187B0;
					};
				};
			};
			buildConfigurationList = 8CF698BA2734EB68001187B0 /* Build configuration list for PBXProject "Pp" */;
			compatibilityVersion = "Xcode 9.3";
			developmentRegion = en;
			hasScannedForEncodings = 0;
			knownRegions = (
				en,
				Base,
			);
			mainGroup = 8CF698B62734EB68001187B0;
			productRefGroup = 8CF698C02734EB68001187B0 /* Products */;
			projectDirPath = "";
			projectRoot = "";
			targets = (
				8CF698BE2734EB68001187B0 /* Pp */,
				8CF698D42734EB7C001187B0 /* PpTests */,
				8CF698DF2734EB7C001187B0 /* PpUITests */,
			);
		};
/* End PBXProject section */

/* Begin PBXResourcesBuildPhase section */
		8CF698BD2734EB68001187B0 /* Resources */ = {
			isa = PBXResourcesBuildPhase;
			buildActionMask = 2147483647;
			files = (
				8CF698CF2734EB7B001187B0 /* LaunchScreen.storyboard in Resources */,
				8C2A6973274842F20021291F /* GoogleService-Info.plist in Resources */,
				8CF698CC2734EB7B001187B0 /* Assets.xcassets in Resources */,
				8C2A697E27484EF00021291F /* Login.storyboard in Resources */,
				8CF698CA2734EB69001187B0 /* Main.storyboard in Resources */,
			);
			runOnlyForDeploymentPostprocessing = 0;
		};
		8CF698D32734EB7C001187B0 /* Resources */ = {
			isa = PBXResourcesBuildPhase;
			buildActionMask = 2147483647;
			files = (
			);
			runOnlyForDeploymentPostprocessing = 0;
		};
		8CF698DE2734EB7C001187B0 /* Resources */ = {
			isa = PBXResourcesBuildPhase;
			buildActionMask = 2147483647;
			files = (
			);
			runOnlyForDeploymentPostprocessing = 0;
		};
/* End PBXResourcesBuildPhase section */

/* Begin PBXShellScriptBuildPhase section */
		3FAA46AD9D3F0E11056C6950 /* [CP] Check Pods Manifest.lock */ = {
			isa = PBXShellScriptBuildPhase;
			buildActionMask = 2147483647;
			files = (
			);
			inputFileListPaths = (
			);
			inputPaths = (
				"${PODS_PODFILE_DIR_PATH}/Podfile.lock",
				"${PODS_ROOT}/Manifest.lock",
			);
			name = "[CP] Check Pods Manifest.lock";
			outputFileListPaths = (
			);
			outputPaths = (
				"$(DERIVED_FILE_DIR)/Pods-Pp-checkManifestLockResult.txt",
			);
			runOnlyForDeploymentPostprocessing = 0;
			shellPath = /bin/sh;
			shellScript = "diff \"${PODS_PODFILE_DIR_PATH}/Podfile.lock\" \"${PODS_ROOT}/Manifest.lock\" > /dev/null\nif [ $? != 0 ] ; then\n    # print error to STDERR\n    echo \"error: The sandbox is not in sync with the Podfile.lock. Run 'pod install' or update your CocoaPods installation.\" >&2\n    exit 1\nfi\n# This output is used by Xcode 'outputs' to avoid re-running this script phase.\necho \"SUCCESS\" > \"${SCRIPT_OUTPUT_FILE_0}\"\n";
			showEnvVarsInLog = 0;
		};
		4181E695437A1E3B3A7628CE /* [CP] Check Pods Manifest.lock */ = {
			isa = PBXShellScriptBuildPhase;
			buildActionMask = 2147483647;
			files = (
			);
			inputFileListPaths = (
			);
			inputPaths = (
				"${PODS_PODFILE_DIR_PATH}/Podfile.lock",
				"${PODS_ROOT}/Manifest.lock",
			);
			name = "[CP] Check Pods Manifest.lock";
			outputFileListPaths = (
			);
			outputPaths = (
				"$(DERIVED_FILE_DIR)/Pods-PpTests-checkManifestLockResult.txt",
			);
			runOnlyForDeploymentPostprocessing = 0;
			shellPath = /bin/sh;
			shellScript = "diff \"${PODS_PODFILE_DIR_PATH}/Podfile.lock\" \"${PODS_ROOT}/Manifest.lock\" > /dev/null\nif [ $? != 0 ] ; then\n    # print error to STDERR\n    echo \"error: The sandbox is not in sync with the Podfile.lock. Run 'pod install' or update your CocoaPods installation.\" >&2\n    exit 1\nfi\n# This output is used by Xcode 'outputs' to avoid re-running this script phase.\necho \"SUCCESS\" > \"${SCRIPT_OUTPUT_FILE_0}\"\n";
			showEnvVarsInLog = 0;
		};
		6904A16F0B2E9D0CF6383941 /* [CP] Embed Pods Frameworks */ = {
			isa = PBXShellScriptBuildPhase;
			buildActionMask = 2147483647;
			files = (
			);
			inputFileListPaths = (
				"${PODS_ROOT}/Target Support Files/Pods-Pp/Pods-Pp-frameworks-${CONFIGURATION}-input-files.xcfilelist",
			);
			name = "[CP] Embed Pods Frameworks";
			outputFileListPaths = (
				"${PODS_ROOT}/Target Support Files/Pods-Pp/Pods-Pp-frameworks-${CONFIGURATION}-output-files.xcfilelist",
			);
			runOnlyForDeploymentPostprocessing = 0;
			shellPath = /bin/sh;
			shellScript = "\"${PODS_ROOT}/Target Support Files/Pods-Pp/Pods-Pp-frameworks.sh\"\n";
			showEnvVarsInLog = 0;
		};
		A0173B8E9A49C044BFC9AE66 /* [CP] Check Pods Manifest.lock */ = {
			isa = PBXShellScriptBuildPhase;
			buildActionMask = 2147483647;
			files = (
			);
			inputFileListPaths = (
			);
			inputPaths = (
				"${PODS_PODFILE_DIR_PATH}/Podfile.lock",
				"${PODS_ROOT}/Manifest.lock",
			);
			name = "[CP] Check Pods Manifest.lock";
			outputFileListPaths = (
			);
			outputPaths = (
				"$(DERIVED_FILE_DIR)/Pods-Pp-PpUITests-checkManifestLockResult.txt",
			);
			runOnlyForDeploymentPostprocessing = 0;
			shellPath = /bin/sh;
			shellScript = "diff \"${PODS_PODFILE_DIR_PATH}/Podfile.lock\" \"${PODS_ROOT}/Manifest.lock\" > /dev/null\nif [ $? != 0 ] ; then\n    # print error to STDERR\n    echo \"error: The sandbox is not in sync with the Podfile.lock. Run 'pod install' or update your CocoaPods installation.\" >&2\n    exit 1\nfi\n# This output is used by Xcode 'outputs' to avoid re-running this script phase.\necho \"SUCCESS\" > \"${SCRIPT_OUTPUT_FILE_0}\"\n";
			showEnvVarsInLog = 0;
		};
		DD78F9534ED4B3DF77F77A9D /* [CP] Embed Pods Frameworks */ = {
			isa = PBXShellScriptBuildPhase;
			buildActionMask = 2147483647;
			files = (
			);
			inputFileListPaths = (
				"${PODS_ROOT}/Target Support Files/Pods-Pp-PpUITests/Pods-Pp-PpUITests-frameworks-${CONFIGURATION}-input-files.xcfilelist",
			);
			name = "[CP] Embed Pods Frameworks";
			outputFileListPaths = (
				"${PODS_ROOT}/Target Support Files/Pods-Pp-PpUITests/Pods-Pp-PpUITests-frameworks-${CONFIGURATION}-output-files.xcfilelist",
			);
			runOnlyForDeploymentPostprocessing = 0;
			shellPath = /bin/sh;
			shellScript = "\"${PODS_ROOT}/Target Support Files/Pods-Pp-PpUITests/Pods-Pp-PpUITests-frameworks.sh\"\n";
			showEnvVarsInLog = 0;
		};
/* End PBXShellScriptBuildPhase section */

/* Begin PBXSourcesBuildPhase section */
		8CF698BB2734EB68001187B0 /* Sources */ = {
			isa = PBXSourcesBuildPhase;
			buildActionMask = 2147483647;
			files = (
				8CA8393E2745F7BA00C5D473 /* SaveResponseViewController.swift in Sources */,
				8C2A68F227470EAF0021291F /* FrenchBulldogTableViewCell.swift in Sources */,
				8C2A68CD2746A2420021291F /* SaveNoResponseViewController.swift in Sources */,
				8CF6990E2735A5D1001187B0 /* NetworkManager.swift in Sources */,
				8C2A690427471DD90021291F /* GermanSViewController.swift in Sources */,
				8CF698C32734EB69001187B0 /* AppDelegate.swift in Sources */,
				8C2A692127472E640021291F /* GoldenRetrieverTableExt.swift in Sources */,
				8CA8392F2744C92A00C5D473 /* FrenchInfoViewController.swift in Sources */,
				8C2A68FA274712F00021291F /* FrenchBulldogTableExt.swift in Sources */,
				8CA839202744C69800C5D473 /* GermanInfoViewController.swift in Sources */,
				8CA839262744C84100C5D473 /* LabradorInfoViewController.swift in Sources */,
				8C2A691C27471E9E0021291F /* LabradorTableViewCell.swift in Sources */,
				8C2A68E32746E0F70021291F /* BeagleTableViewCell.swift in Sources */,
				8C2A68FF27471DC60021291F /* GermanSTableViewCell.swift in Sources */,
				8C2A68E8274700F10021291F /* BeagleTableExt.swift in Sources */,
				8CF699202735C7E3001187B0 /* firstTableViewCell.swift in Sources */,
				8C2A68C527461DD10021291F /* SignInViewController.swift in Sources */,
				8CF698C52734EB69001187B0 /* SceneDelegate.swift in Sources */,
				8C2A690927471DF80021291F /* GermanSTableExt.swift in Sources */,
				8C2A691427471E7A0021291F /* LabradorViewController.swift in Sources */,
				8C2A690E27471E610021291F /* LabradorTableExt.swift in Sources */,
				8CA838E42743148500C5D473 /* InfoViewController.swift in Sources */,
				8CF6992527360837001187B0 /* YesViewController.swift in Sources */,
				8C2A68ED27470E490021291F /* FrenchBulldogViewController.swift in Sources */,
				8CA8390C2744C3E600C5D473 /* HighlightedButton.swift in Sources */,
				8CA838F527435B3A00C5D473 /* MainMenuViewController.swift in Sources */,
				8CA839172744C54200C5D473 /* NoViewController.swift in Sources */,
				8C2A68D52746C2BF0021291F /* BeagleViewController.swift in Sources */,
				8CA839352744CA4E00C5D473 /* BeagleInfoViewController.swift in Sources */,
				8CF699132735A65A001187B0 /* Response.swift in Sources */,
				8CF699182735C424001187B0 /* GoldenRetrieverViewController.swift in Sources */,
			);
			runOnlyForDeploymentPostprocessing = 0;
		};
		8CF698D12734EB7C001187B0 /* Sources */ = {
			isa = PBXSourcesBuildPhase;
			buildActionMask = 2147483647;
			files = (
				8CF698DA2734EB7C001187B0 /* PpTests.swift in Sources */,
			);
			runOnlyForDeploymentPostprocessing = 0;
		};
		8CF698DC2734EB7C001187B0 /* Sources */ = {
			isa = PBXSourcesBuildPhase;
			buildActionMask = 2147483647;
			files = (
				8CF698E52734EB7C001187B0 /* PpUITests.swift in Sources */,
			);
			runOnlyForDeploymentPostprocessing = 0;
		};
/* End PBXSourcesBuildPhase section */

/* Begin PBXTargetDependency section */
		8CF698D72734EB7C001187B0 /* PBXTargetDependency */ = {
			isa = PBXTargetDependency;
			target = 8CF698BE2734EB68001187B0 /* Pp */;
			targetProxy = 8CF698D62734EB7C001187B0 /* PBXContainerItemProxy */;
		};
		8CF698E22734EB7C001187B0 /* PBXTargetDependency */ = {
			isa = PBXTargetDependency;
			target = 8CF698BE2734EB68001187B0 /* Pp */;
			targetProxy = 8CF698E12734EB7C001187B0 /* PBXContainerItemProxy */;
		};
/* End PBXTargetDependency section */

/* Begin PBXVariantGroup section */
		8CF698C82734EB69001187B0 /* Main.storyboard */ = {
			isa = PBXVariantGroup;
			children = (
				8CF698C92734EB69001187B0 /* Base */,
			);
			name = Main.storyboard;
			sourceTree = "<group>";
		};
		8CF698CD2734EB7B001187B0 /* LaunchScreen.storyboard */ = {
			isa = PBXVariantGroup;
			children = (
				8CF698CE2734EB7B001187B0 /* Base */,
			);
			name = LaunchScreen.storyboard;
			sourceTree = "<group>";
		};
/* End PBXVariantGroup section */

/* Begin XCBuildConfiguration section */
		8CF698E72734EB7C001187B0 /* Debug */ = {
			isa = XCBuildConfiguration;
			buildSettings = {
				ALWAYS_SEARCH_USER_PATHS = NO;
				CLANG_ANALYZER_NONNULL = YES;
				CLANG_ANALYZER_NUMBER_OBJECT_CONVERSION = YES_AGGRESSIVE;
				CLANG_CXX_LANGUAGE_STANDARD = "gnu++14";
				CLANG_CXX_LIBRARY = "libc++";
				CLANG_ENABLE_MODULES = YES;
				CLANG_ENABLE_OBJC_ARC = YES;
				CLANG_ENABLE_OBJC_WEAK = YES;
				CLANG_WARN_BLOCK_CAPTURE_AUTORELEASING = YES;
				CLANG_WARN_BOOL_CONVERSION = YES;
				CLANG_WARN_COMMA = YES;
				CLANG_WARN_CONSTANT_CONVERSION = YES;
				CLANG_WARN_DEPRECATED_OBJC_IMPLEMENTATIONS = YES;
				CLANG_WARN_DIRECT_OBJC_ISA_USAGE = YES_ERROR;
				CLANG_WARN_DOCUMENTATION_COMMENTS = YES;
				CLANG_WARN_EMPTY_BODY = YES;
				CLANG_WARN_ENUM_CONVERSION = YES;
				CLANG_WARN_INFINITE_RECURSION = YES;
				CLANG_WARN_INT_CONVERSION = YES;
				CLANG_WARN_NON_LITERAL_NULL_CONVERSION = YES;
				CLANG_WARN_OBJC_IMPLICIT_RETAIN_SELF = YES;
				CLANG_WARN_OBJC_LITERAL_CONVERSION = YES;
				CLANG_WARN_OBJC_ROOT_CLASS = YES_ERROR;
				CLANG_WARN_QUOTED_INCLUDE_IN_FRAMEWORK_HEADER = YES;
				CLANG_WARN_RANGE_LOOP_ANALYSIS = YES;
				CLANG_WARN_STRICT_PROTOTYPES = YES;
				CLANG_WARN_SUSPICIOUS_MOVE = YES;
				CLANG_WARN_UNGUARDED_AVAILABILITY = YES_AGGRESSIVE;
				CLANG_WARN_UNREACHABLE_CODE = YES;
				CLANG_WARN__DUPLICATE_METHOD_MATCH = YES;
				COPY_PHASE_STRIP = NO;
				DEBUG_INFORMATION_FORMAT = dwarf;
				ENABLE_STRICT_OBJC_MSGSEND = YES;
				ENABLE_TESTABILITY = YES;
				GCC_C_LANGUAGE_STANDARD = gnu11;
				GCC_DYNAMIC_NO_PIC = NO;
				GCC_NO_COMMON_BLOCKS = YES;
				GCC_OPTIMIZATION_LEVEL = 0;
				GCC_PREPROCESSOR_DEFINITIONS = (
					"DEBUG=1",
					"$(inherited)",
				);
				GCC_WARN_64_TO_32_BIT_CONVERSION = YES;
				GCC_WARN_ABOUT_RETURN_TYPE = YES_ERROR;
				GCC_WARN_UNDECLARED_SELECTOR = YES;
				GCC_WARN_UNINITIALIZED_AUTOS = YES_AGGRESSIVE;
				GCC_WARN_UNUSED_FUNCTION = YES;
				GCC_WARN_UNUSED_VARIABLE = YES;
				IPHONEOS_DEPLOYMENT_TARGET = 14.4;
				MTL_ENABLE_DEBUG_INFO = INCLUDE_SOURCE;
				MTL_FAST_MATH = YES;
				ONLY_ACTIVE_ARCH = YES;
				SDKROOT = iphoneos;
				SWIFT_ACTIVE_COMPILATION_CONDITIONS = DEBUG;
				SWIFT_OPTIMIZATION_LEVEL = "-Onone";
			};
			name = Debug;
		};
		8CF698E82734EB7C001187B0 /* Release */ = {
			isa = XCBuildConfiguration;
			buildSettings = {
				ALWAYS_SEARCH_USER_PATHS = NO;
				CLANG_ANALYZER_NONNULL = YES;
				CLANG_ANALYZER_NUMBER_OBJECT_CONVERSION = YES_AGGRESSIVE;
				CLANG_CXX_LANGUAGE_STANDARD = "gnu++14";
				CLANG_CXX_LIBRARY = "libc++";
				CLANG_ENABLE_MODULES = YES;
				CLANG_ENABLE_OBJC_ARC = YES;
				CLANG_ENABLE_OBJC_WEAK = YES;
				CLANG_WARN_BLOCK_CAPTURE_AUTORELEASING = YES;
				CLANG_WARN_BOOL_CONVERSION = YES;
				CLANG_WARN_COMMA = YES;
				CLANG_WARN_CONSTANT_CONVERSION = YES;
				CLANG_WARN_DEPRECATED_OBJC_IMPLEMENTATIONS = YES;
				CLANG_WARN_DIRECT_OBJC_ISA_USAGE = YES_ERROR;
				CLANG_WARN_DOCUMENTATION_COMMENTS = YES;
				CLANG_WARN_EMPTY_BODY = YES;
				CLANG_WARN_ENUM_CONVERSION = YES;
				CLANG_WARN_INFINITE_RECURSION = YES;
				CLANG_WARN_INT_CONVERSION = YES;
				CLANG_WARN_NON_LITERAL_NULL_CONVERSION = YES;
				CLANG_WARN_OBJC_IMPLICIT_RETAIN_SELF = YES;
				CLANG_WARN_OBJC_LITERAL_CONVERSION = YES;
				CLANG_WARN_OBJC_ROOT_CLASS = YES_ERROR;
				CLANG_WARN_QUOTED_INCLUDE_IN_FRAMEWORK_HEADER = YES;
				CLANG_WARN_RANGE_LOOP_ANALYSIS = YES;
				CLANG_WARN_STRICT_PROTOTYPES = YES;
				CLANG_WARN_SUSPICIOUS_MOVE = YES;
				CLANG_WARN_UNGUARDED_AVAILABILITY = YES_AGGRESSIVE;
				CLANG_WARN_UNREACHABLE_CODE = YES;
				CLANG_WARN__DUPLICATE_METHOD_MATCH = YES;
				COPY_PHASE_STRIP = NO;
				DEBUG_INFORMATION_FORMAT = "dwarf-with-dsym";
				ENABLE_NS_ASSERTIONS = NO;
				ENABLE_STRICT_OBJC_MSGSEND = YES;
				GCC_C_LANGUAGE_STANDARD = gnu11;
				GCC_NO_COMMON_BLOCKS = YES;
				GCC_WARN_64_TO_32_BIT_CONVERSION = YES;
				GCC_WARN_ABOUT_RETURN_TYPE = YES_ERROR;
				GCC_WARN_UNDECLARED_SELECTOR = YES;
				GCC_WARN_UNINITIALIZED_AUTOS = YES_AGGRESSIVE;
				GCC_WARN_UNUSED_FUNCTION = YES;
				GCC_WARN_UNUSED_VARIABLE = YES;
				IPHONEOS_DEPLOYMENT_TARGET = 14.4;
				MTL_ENABLE_DEBUG_INFO = NO;
				MTL_FAST_MATH = YES;
				SDKROOT = iphoneos;
				SWIFT_COMPILATION_MODE = wholemodule;
				SWIFT_OPTIMIZATION_LEVEL = "-O";
				VALIDATE_PRODUCT = YES;
			};
			name = Release;
		};
		8CF698EA2734EB7C001187B0 /* Debug */ = {
			isa = XCBuildConfiguration;
			baseConfigurationReference = 2FC83548266A2279947AB99F /* Pods-Pp.debug.xcconfig */;
			buildSettings = {
				ASSETCATALOG_COMPILER_APPICON_NAME = AppIcon;
				ASSETCATALOG_COMPILER_GLOBAL_ACCENT_COLOR_NAME = AccentColor;
				CODE_SIGN_STYLE = Automatic;
				DEVELOPMENT_TEAM = CRPB5AHSY2;
				INFOPLIST_FILE = Pp/Resources/Info.plist;
				LD_RUNPATH_SEARCH_PATHS = (
					"$(inherited)",
					"@executable_path/Frameworks",
				);
				PRODUCT_BUNDLE_IDENTIFIER = NateW.Pp;
				PRODUCT_NAME = "$(TARGET_NAME)";
				SWIFT_VERSION = 5.0;
				TARGETED_DEVICE_FAMILY = "1,2";
			};
			name = Debug;
		};
		8CF698EB2734EB7C001187B0 /* Release */ = {
			isa = XCBuildConfiguration;
			baseConfigurationReference = 3A7EE58C76E00C2822286070 /* Pods-Pp.release.xcconfig */;
			buildSettings = {
				ASSETCATALOG_COMPILER_APPICON_NAME = AppIcon;
				ASSETCATALOG_COMPILER_GLOBAL_ACCENT_COLOR_NAME = AccentColor;
				CODE_SIGN_STYLE = Automatic;
				DEVELOPMENT_TEAM = CRPB5AHSY2;
				INFOPLIST_FILE = Pp/Resources/Info.plist;
				LD_RUNPATH_SEARCH_PATHS = (
					"$(inherited)",
					"@executable_path/Frameworks",
				);
				PRODUCT_BUNDLE_IDENTIFIER = NateW.Pp;
				PRODUCT_NAME = "$(TARGET_NAME)";
				SWIFT_VERSION = 5.0;
				TARGETED_DEVICE_FAMILY = "1,2";
			};
			name = Release;
		};
		8CF698ED2734EB7C001187B0 /* Debug */ = {
			isa = XCBuildConfiguration;
			baseConfigurationReference = 20AF3374D7782D7E6E408B3C /* Pods-PpTests.debug.xcconfig */;
			buildSettings = {
				ALWAYS_EMBED_SWIFT_STANDARD_LIBRARIES = YES;
				BUNDLE_LOADER = "$(TEST_HOST)";
				CODE_SIGN_STYLE = Automatic;
				DEVELOPMENT_TEAM = CRPB5AHSY2;
				INFOPLIST_FILE = PpTests/Info.plist;
				IPHONEOS_DEPLOYMENT_TARGET = 14.4;
				LD_RUNPATH_SEARCH_PATHS = (
					"$(inherited)",
					"@executable_path/Frameworks",
					"@loader_path/Frameworks",
				);
				PRODUCT_BUNDLE_IDENTIFIER = NateW.PpTests;
				PRODUCT_NAME = "$(TARGET_NAME)";
				SWIFT_VERSION = 5.0;
				TARGETED_DEVICE_FAMILY = "1,2";
				TEST_HOST = "$(BUILT_PRODUCTS_DIR)/Pp.app/Pp";
			};
			name = Debug;
		};
		8CF698EE2734EB7C001187B0 /* Release */ = {
			isa = XCBuildConfiguration;
			baseConfigurationReference = 5601E7259F1DC9D604CED527 /* Pods-PpTests.release.xcconfig */;
			buildSettings = {
				ALWAYS_EMBED_SWIFT_STANDARD_LIBRARIES = YES;
				BUNDLE_LOADER = "$(TEST_HOST)";
				CODE_SIGN_STYLE = Automatic;
				DEVELOPMENT_TEAM = CRPB5AHSY2;
				INFOPLIST_FILE = PpTests/Info.plist;
				IPHONEOS_DEPLOYMENT_TARGET = 14.4;
				LD_RUNPATH_SEARCH_PATHS = (
					"$(inherited)",
					"@executable_path/Frameworks",
					"@loader_path/Frameworks",
				);
				PRODUCT_BUNDLE_IDENTIFIER = NateW.PpTests;
				PRODUCT_NAME = "$(TARGET_NAME)";
				SWIFT_VERSION = 5.0;
				TARGETED_DEVICE_FAMILY = "1,2";
				TEST_HOST = "$(BUILT_PRODUCTS_DIR)/Pp.app/Pp";
			};
			name = Release;
		};
		8CF698F02734EB7C001187B0 /* Debug */ = {
			isa = XCBuildConfiguration;
			baseConfigurationReference = FA10D72249922DE61C59C4CF /* Pods-Pp-PpUITests.debug.xcconfig */;
			buildSettings = {
				ALWAYS_EMBED_SWIFT_STANDARD_LIBRARIES = YES;
				CODE_SIGN_STYLE = Automatic;
				DEVELOPMENT_TEAM = CRPB5AHSY2;
				INFOPLIST_FILE = PpUITests/Info.plist;
				LD_RUNPATH_SEARCH_PATHS = (
					"$(inherited)",
					"@executable_path/Frameworks",
					"@loader_path/Frameworks",
				);
				PRODUCT_BUNDLE_IDENTIFIER = NateW.PpUITests;
				PRODUCT_NAME = "$(TARGET_NAME)";
				SWIFT_VERSION = 5.0;
				TARGETED_DEVICE_FAMILY = "1,2";
				TEST_TARGET_NAME = Pp;
			};
			name = Debug;
		};
		8CF698F12734EB7C001187B0 /* Release */ = {
			isa = XCBuildConfiguration;
			baseConfigurationReference = 3BBA9F34F91976513007B72F /* Pods-Pp-PpUITests.release.xcconfig */;
			buildSettings = {
				ALWAYS_EMBED_SWIFT_STANDARD_LIBRARIES = YES;
				CODE_SIGN_STYLE = Automatic;
				DEVELOPMENT_TEAM = CRPB5AHSY2;
				INFOPLIST_FILE = PpUITests/Info.plist;
				LD_RUNPATH_SEARCH_PATHS = (
					"$(inherited)",
					"@executable_path/Frameworks",
					"@loader_path/Frameworks",
				);
				PRODUCT_BUNDLE_IDENTIFIER = NateW.PpUITests;
				PRODUCT_NAME = "$(TARGET_NAME)";
				SWIFT_VERSION = 5.0;
				TARGETED_DEVICE_FAMILY = "1,2";
				TEST_TARGET_NAME = Pp;
			};
			name = Release;
		};
/* End XCBuildConfiguration section */

/* Begin XCConfigurationList section */
		8CF698BA2734EB68001187B0 /* Build configuration list for PBXProject "Pp" */ = {
			isa = XCConfigurationList;
			buildConfigurations = (
				8CF698E72734EB7C001187B0 /* Debug */,
				8CF698E82734EB7C001187B0 /* Release */,
			);
			defaultConfigurationIsVisible = 0;
			defaultConfigurationName = Release;
		};
		8CF698E92734EB7C001187B0 /* Build configuration list for PBXNativeTarget "Pp" */ = {
			isa = XCConfigurationList;
			buildConfigurations = (
				8CF698EA2734EB7C001187B0 /* Debug */,
				8CF698EB2734EB7C001187B0 /* Release */,
			);
			defaultConfigurationIsVisible = 0;
			defaultConfigurationName = Release;
		};
		8CF698EC2734EB7C001187B0 /* Build configuration list for PBXNativeTarget "PpTests" */ = {
			isa = XCConfigurationList;
			buildConfigurations = (
				8CF698ED2734EB7C001187B0 /* Debug */,
				8CF698EE2734EB7C001187B0 /* Release */,
			);
			defaultConfigurationIsVisible = 0;
			defaultConfigurationName = Release;
		};
		8CF698EF2734EB7C001187B0 /* Build configuration list for PBXNativeTarget "PpUITests" */ = {
			isa = XCConfigurationList;
			buildConfigurations = (
				8CF698F02734EB7C001187B0 /* Debug */,
				8CF698F12734EB7C001187B0 /* Release */,
			);
			defaultConfigurationIsVisible = 0;
			defaultConfigurationName = Release;
		};
/* End XCConfigurationList section */
	};
	rootObject = 8CF698B72734EB68001187B0 /* Project object */;
}
